
Microsoft Visual Studio Solution File, Format Version 12.00
# Visual Studio 15
VisualStudioVersion = 15.0.27309.0
MinimumVisualStudioVersion = 10.0.40219.1
Project("{9A19103F-16F7-4668-BE54-9A1E7A4F7556}") = "XamarinForms.Essentials", "XamarinForms.Essentials\XamarinForms.Essentials.csproj", "{67F9D3A8-F71E-4428-913F-C37AE82CDB24}"
EndProject
Project("{FAE04EC0-301F-11D3-BF4B-00C04F79EFBC}") = "XamarinForms.Essentials.iOS", "XamarinForms.Essentials.iOS\XamarinForms.Essentials.iOS.csproj", "{7EE4A566-B3D4-408C-815D-AE4F8DEE1688}"
EndProject
Project("{2150E333-8FDC-42A3-9474-1A3956D46DE8}") = ".NuGet", ".NuGet", "{4AD7FD5C-496E-411A-87BA-4B69BC5CBD59}"
	ProjectSection(SolutionItems) = preProject
		XamarinForms.Essentials.AppCenter.nuspec = XamarinForms.Essentials.AppCenter.nuspec
		XamarinForms.Essentials.Azure.MobileApps.nuspec = XamarinForms.Essentials.Azure.MobileApps.nuspec
		XamarinForms.Essentials.Core.nuspec = XamarinForms.Essentials.Core.nuspec
		XamarinForms.Essentials.nuspec = XamarinForms.Essentials.nuspec
	EndProjectSection
EndProject
Project("{9A19103F-16F7-4668-BE54-9A1E7A4F7556}") = "XamarinForms.Essentials.Core", "XamarinForms.Essentials.Core\XamarinForms.Essentials.Core.csproj", "{EF3CCF61-158B-4FA2-89DC-2B27CE2602E8}"
EndProject
Project("{9A19103F-16F7-4668-BE54-9A1E7A4F7556}") = "XamarinForms.Essentials.Azure.MobileAppsEssentials", "XamarinForms.Essentials.Azure.MobileAppsEssentials\XamarinForms.Essentials.Azure.MobileAppsEssentials.csproj", "{BF382EE0-AD8E-4B4F-8F7F-C9D6FBA8D604}"
EndProject
Project("{2150E333-8FDC-42A3-9474-1A3956D46DE8}") = "Core", "Core", "{25D47373-88F4-4C80-87EF-BB131A7DF5F7}"
EndProject
Project("{2150E333-8FDC-42A3-9474-1A3956D46DE8}") = "Native", "Native", "{50C12FA1-DED3-451C-8A77-205BC96AC518}"
EndProject
Project("{2150E333-8FDC-42A3-9474-1A3956D46DE8}") = "Azure", "Azure", "{9E6F5E77-6D30-4AFE-96A4-2B307594760E}"
EndProject
Project("{2150E333-8FDC-42A3-9474-1A3956D46DE8}") = "Forms", "Forms", "{41E79015-242A-40BC-9490-69396C783326}"
EndProject
Project("{2150E333-8FDC-42A3-9474-1A3956D46DE8}") = "Tests", "Tests", "{E948102E-FF2C-48B6-9664-4C336BBFF46B}"
EndProject
Project("{9A19103F-16F7-4668-BE54-9A1E7A4F7556}") = "XamarinForms.Essentials.AppCenterEssentials", "XamarinForms.Essentials.AppCenterEssentials\XamarinForms.Essentials.AppCenterEssentials.csproj", "{5C5CA4EA-41B4-42E5-BC9F-1C961EDB65E2}"
EndProject
Project("{D954291E-2A0B-460D-934E-DC6B0785DB48}") = "XamarinForms.Essentials.SampleApp", "XamarinForms.Essentials.SampleApp\XamarinForms.Essentials.SampleApp.shproj", "{9FBE221B-A2CE-4842-9C5E-5819801FC6B6}"
EndProject
Project("{FAE04EC0-301F-11D3-BF4B-00C04F79EFBC}") = "XamarinForms.Essentials.SampleApp.Android", "XamarinForms.Essentials.SampleApp.Android\XamarinForms.Essentials.SampleApp.Android.csproj", "{848AEF29-D33B-4283-9311-96CC9ADE2C1B}"
EndProject
Project("{FAE04EC0-301F-11D3-BF4B-00C04F79EFBC}") = "XamarinForms.Essentials.SampleApp.iOS", "XamarinForms.Essentials.SampleApp.iOS\XamarinForms.Essentials.SampleApp.iOS.csproj", "{9C5D66FF-647E-48BD-A55B-27CCE51571DF}"
EndProject
Project("{FAE04EC0-301F-11D3-BF4B-00C04F79EFBC}") = "XamarinForms.Essentials.SampleApp.UWP", "XamarinForms.Essentials.SampleApp.UWP\XamarinForms.Essentials.SampleApp.UWP.csproj", "{C9ECA075-8154-412B-882F-816809D06F84}"
EndProject
Project("{2150E333-8FDC-42A3-9474-1A3956D46DE8}") = "Sample", "Sample", "{B3B831E4-61E3-4141-9A36-D2AC6446BA5F}"
EndProject
Project("{FAE04EC0-301F-11D3-BF4B-00C04F79EFBC}") = "XamarinForms.Essentials.Tests.Core", "XamarinForms.Essentials.Tests.Core\XamarinForms.Essentials.Tests.Core.csproj", "{FC8A5921-2E47-44E1-B24C-8400CB7A4367}"
EndProject
Global
	GlobalSection(SharedMSBuildProjectFiles) = preSolution
		XamarinForms.Essentials.SampleApp\XamarinForms.Essentials.SampleApp.projitems*{848aef29-d33b-4283-9311-96cc9ade2c1b}*SharedItemsImports = 4
		XamarinForms.Essentials.SampleApp\XamarinForms.Essentials.SampleApp.projitems*{9c5d66ff-647e-48bd-a55b-27cce51571df}*SharedItemsImports = 4
		XamarinForms.Essentials.SampleApp\XamarinForms.Essentials.SampleApp.projitems*{9fbe221b-a2ce-4842-9c5e-5819801fc6b6}*SharedItemsImports = 13
		XamarinForms.Essentials.SampleApp\XamarinForms.Essentials.SampleApp.projitems*{c9eca075-8154-412b-882f-816809d06f84}*SharedItemsImports = 4
	EndGlobalSection
	GlobalSection(SolutionConfigurationPlatforms) = preSolution
		Debug|Any CPU = Debug|Any CPU
		Debug|ARM = Debug|ARM
		Debug|iPhone = Debug|iPhone
		Debug|iPhoneSimulator = Debug|iPhoneSimulator
		Debug|x64 = Debug|x64
		Debug|x86 = Debug|x86
		Release|Any CPU = Release|Any CPU
		Release|ARM = Release|ARM
		Release|iPhone = Release|iPhone
		Release|iPhoneSimulator = Release|iPhoneSimulator
		Release|x64 = Release|x64
		Release|x86 = Release|x86
	EndGlobalSection
	GlobalSection(ProjectConfigurationPlatforms) = postSolution
		{67F9D3A8-F71E-4428-913F-C37AE82CDB24}.Debug|Any CPU.ActiveCfg = Debug|Any CPU
		{67F9D3A8-F71E-4428-913F-C37AE82CDB24}.Debug|Any CPU.Build.0 = Debug|Any CPU
		{67F9D3A8-F71E-4428-913F-C37AE82CDB24}.Debug|ARM.ActiveCfg = Debug|Any CPU
		{67F9D3A8-F71E-4428-913F-C37AE82CDB24}.Debug|ARM.Build.0 = Debug|Any CPU
		{67F9D3A8-F71E-4428-913F-C37AE82CDB24}.Debug|iPhone.ActiveCfg = Debug|Any CPU
		{67F9D3A8-F71E-4428-913F-C37AE82CDB24}.Debug|iPhone.Build.0 = Debug|Any CPU
		{67F9D3A8-F71E-4428-913F-C37AE82CDB24}.Debug|iPhoneSimulator.ActiveCfg = Debug|Any CPU
		{67F9D3A8-F71E-4428-913F-C37AE82CDB24}.Debug|iPhoneSimulator.Build.0 = Debug|Any CPU
		{67F9D3A8-F71E-4428-913F-C37AE82CDB24}.Debug|x64.ActiveCfg = Debug|Any CPU
		{67F9D3A8-F71E-4428-913F-C37AE82CDB24}.Debug|x64.Build.0 = Debug|Any CPU
		{67F9D3A8-F71E-4428-913F-C37AE82CDB24}.Debug|x86.ActiveCfg = Debug|Any CPU
		{67F9D3A8-F71E-4428-913F-C37AE82CDB24}.Debug|x86.Build.0 = Debug|Any CPU
		{67F9D3A8-F71E-4428-913F-C37AE82CDB24}.Release|Any CPU.ActiveCfg = Release|Any CPU
		{67F9D3A8-F71E-4428-913F-C37AE82CDB24}.Release|Any CPU.Build.0 = Release|Any CPU
		{67F9D3A8-F71E-4428-913F-C37AE82CDB24}.Release|ARM.ActiveCfg = Release|Any CPU
		{67F9D3A8-F71E-4428-913F-C37AE82CDB24}.Release|ARM.Build.0 = Release|Any CPU
		{67F9D3A8-F71E-4428-913F-C37AE82CDB24}.Release|iPhone.ActiveCfg = Release|Any CPU
		{67F9D3A8-F71E-4428-913F-C37AE82CDB24}.Release|iPhone.Build.0 = Release|Any CPU
		{67F9D3A8-F71E-4428-913F-C37AE82CDB24}.Release|iPhoneSimulator.ActiveCfg = Release|Any CPU
		{67F9D3A8-F71E-4428-913F-C37AE82CDB24}.Release|iPhoneSimulator.Build.0 = Release|Any CPU
		{67F9D3A8-F71E-4428-913F-C37AE82CDB24}.Release|x64.ActiveCfg = Release|Any CPU
		{67F9D3A8-F71E-4428-913F-C37AE82CDB24}.Release|x64.Build.0 = Release|Any CPU
		{67F9D3A8-F71E-4428-913F-C37AE82CDB24}.Release|x86.ActiveCfg = Release|Any CPU
		{67F9D3A8-F71E-4428-913F-C37AE82CDB24}.Release|x86.Build.0 = Release|Any CPU
		{7EE4A566-B3D4-408C-815D-AE4F8DEE1688}.Debug|Any CPU.ActiveCfg = Debug|Any CPU
		{7EE4A566-B3D4-408C-815D-AE4F8DEE1688}.Debug|Any CPU.Build.0 = Debug|Any CPU
		{7EE4A566-B3D4-408C-815D-AE4F8DEE1688}.Debug|ARM.ActiveCfg = Debug|Any CPU
		{7EE4A566-B3D4-408C-815D-AE4F8DEE1688}.Debug|ARM.Build.0 = Debug|Any CPU
		{7EE4A566-B3D4-408C-815D-AE4F8DEE1688}.Debug|iPhone.ActiveCfg = Debug|Any CPU
		{7EE4A566-B3D4-408C-815D-AE4F8DEE1688}.Debug|iPhone.Build.0 = Debug|Any CPU
		{7EE4A566-B3D4-408C-815D-AE4F8DEE1688}.Debug|iPhoneSimulator.ActiveCfg = Debug|Any CPU
		{7EE4A566-B3D4-408C-815D-AE4F8DEE1688}.Debug|iPhoneSimulator.Build.0 = Debug|Any CPU
		{7EE4A566-B3D4-408C-815D-AE4F8DEE1688}.Debug|x64.ActiveCfg = Debug|Any CPU
		{7EE4A566-B3D4-408C-815D-AE4F8DEE1688}.Debug|x64.Build.0 = Debug|Any CPU
		{7EE4A566-B3D4-408C-815D-AE4F8DEE1688}.Debug|x86.ActiveCfg = Debug|Any CPU
		{7EE4A566-B3D4-408C-815D-AE4F8DEE1688}.Debug|x86.Build.0 = Debug|Any CPU
		{7EE4A566-B3D4-408C-815D-AE4F8DEE1688}.Release|Any CPU.ActiveCfg = Release|Any CPU
		{7EE4A566-B3D4-408C-815D-AE4F8DEE1688}.Release|Any CPU.Build.0 = Release|Any CPU
		{7EE4A566-B3D4-408C-815D-AE4F8DEE1688}.Release|ARM.ActiveCfg = Release|Any CPU
		{7EE4A566-B3D4-408C-815D-AE4F8DEE1688}.Release|ARM.Build.0 = Release|Any CPU
		{7EE4A566-B3D4-408C-815D-AE4F8DEE1688}.Release|iPhone.ActiveCfg = Release|Any CPU
		{7EE4A566-B3D4-408C-815D-AE4F8DEE1688}.Release|iPhone.Build.0 = Release|Any CPU
		{7EE4A566-B3D4-408C-815D-AE4F8DEE1688}.Release|iPhoneSimulator.ActiveCfg = Release|Any CPU
		{7EE4A566-B3D4-408C-815D-AE4F8DEE1688}.Release|iPhoneSimulator.Build.0 = Release|Any CPU
		{7EE4A566-B3D4-408C-815D-AE4F8DEE1688}.Release|x64.ActiveCfg = Release|Any CPU
		{7EE4A566-B3D4-408C-815D-AE4F8DEE1688}.Release|x64.Build.0 = Release|Any CPU
		{7EE4A566-B3D4-408C-815D-AE4F8DEE1688}.Release|x86.ActiveCfg = Release|Any CPU
		{7EE4A566-B3D4-408C-815D-AE4F8DEE1688}.Release|x86.Build.0 = Release|Any CPU
		{EF3CCF61-158B-4FA2-89DC-2B27CE2602E8}.Debug|Any CPU.ActiveCfg = Debug|Any CPU
		{EF3CCF61-158B-4FA2-89DC-2B27CE2602E8}.Debug|Any CPU.Build.0 = Debug|Any CPU
		{EF3CCF61-158B-4FA2-89DC-2B27CE2602E8}.Debug|ARM.ActiveCfg = Debug|Any CPU
		{EF3CCF61-158B-4FA2-89DC-2B27CE2602E8}.Debug|ARM.Build.0 = Debug|Any CPU
		{EF3CCF61-158B-4FA2-89DC-2B27CE2602E8}.Debug|iPhone.ActiveCfg = Debug|Any CPU
		{EF3CCF61-158B-4FA2-89DC-2B27CE2602E8}.Debug|iPhone.Build.0 = Debug|Any CPU
		{EF3CCF61-158B-4FA2-89DC-2B27CE2602E8}.Debug|iPhoneSimulator.ActiveCfg = Debug|Any CPU
		{EF3CCF61-158B-4FA2-89DC-2B27CE2602E8}.Debug|iPhoneSimulator.Build.0 = Debug|Any CPU
		{EF3CCF61-158B-4FA2-89DC-2B27CE2602E8}.Debug|x64.ActiveCfg = Debug|Any CPU
		{EF3CCF61-158B-4FA2-89DC-2B27CE2602E8}.Debug|x64.Build.0 = Debug|Any CPU
		{EF3CCF61-158B-4FA2-89DC-2B27CE2602E8}.Debug|x86.ActiveCfg = Debug|Any CPU
		{EF3CCF61-158B-4FA2-89DC-2B27CE2602E8}.Debug|x86.Build.0 = Debug|Any CPU
		{EF3CCF61-158B-4FA2-89DC-2B27CE2602E8}.Release|Any CPU.ActiveCfg = Release|Any CPU
		{EF3CCF61-158B-4FA2-89DC-2B27CE2602E8}.Release|Any CPU.Build.0 = Release|Any CPU
		{EF3CCF61-158B-4FA2-89DC-2B27CE2602E8}.Release|ARM.ActiveCfg = Release|Any CPU
		{EF3CCF61-158B-4FA2-89DC-2B27CE2602E8}.Release|ARM.Build.0 = Release|Any CPU
		{EF3CCF61-158B-4FA2-89DC-2B27CE2602E8}.Release|iPhone.ActiveCfg = Release|Any CPU
		{EF3CCF61-158B-4FA2-89DC-2B27CE2602E8}.Release|iPhone.Build.0 = Release|Any CPU
		{EF3CCF61-158B-4FA2-89DC-2B27CE2602E8}.Release|iPhoneSimulator.ActiveCfg = Release|Any CPU
		{EF3CCF61-158B-4FA2-89DC-2B27CE2602E8}.Release|iPhoneSimulator.Build.0 = Release|Any CPU
		{EF3CCF61-158B-4FA2-89DC-2B27CE2602E8}.Release|x64.ActiveCfg = Release|Any CPU
		{EF3CCF61-158B-4FA2-89DC-2B27CE2602E8}.Release|x64.Build.0 = Release|Any CPU
		{EF3CCF61-158B-4FA2-89DC-2B27CE2602E8}.Release|x86.ActiveCfg = Release|Any CPU
		{EF3CCF61-158B-4FA2-89DC-2B27CE2602E8}.Release|x86.Build.0 = Release|Any CPU
		{BF382EE0-AD8E-4B4F-8F7F-C9D6FBA8D604}.Debug|Any CPU.ActiveCfg = Debug|Any CPU
		{BF382EE0-AD8E-4B4F-8F7F-C9D6FBA8D604}.Debug|Any CPU.Build.0 = Debug|Any CPU
		{BF382EE0-AD8E-4B4F-8F7F-C9D6FBA8D604}.Debug|ARM.ActiveCfg = Debug|Any CPU
		{BF382EE0-AD8E-4B4F-8F7F-C9D6FBA8D604}.Debug|ARM.Build.0 = Debug|Any CPU
		{BF382EE0-AD8E-4B4F-8F7F-C9D6FBA8D604}.Debug|iPhone.ActiveCfg = Debug|Any CPU
		{BF382EE0-AD8E-4B4F-8F7F-C9D6FBA8D604}.Debug|iPhone.Build.0 = Debug|Any CPU
		{BF382EE0-AD8E-4B4F-8F7F-C9D6FBA8D604}.Debug|iPhoneSimulator.ActiveCfg = Debug|Any CPU
		{BF382EE0-AD8E-4B4F-8F7F-C9D6FBA8D604}.Debug|iPhoneSimulator.Build.0 = Debug|Any CPU
		{BF382EE0-AD8E-4B4F-8F7F-C9D6FBA8D604}.Debug|x64.ActiveCfg = Debug|Any CPU
		{BF382EE0-AD8E-4B4F-8F7F-C9D6FBA8D604}.Debug|x64.Build.0 = Debug|Any CPU
		{BF382EE0-AD8E-4B4F-8F7F-C9D6FBA8D604}.Debug|x86.ActiveCfg = Debug|Any CPU
		{BF382EE0-AD8E-4B4F-8F7F-C9D6FBA8D604}.Debug|x86.Build.0 = Debug|Any CPU
		{BF382EE0-AD8E-4B4F-8F7F-C9D6FBA8D604}.Release|Any CPU.ActiveCfg = Release|Any CPU
		{BF382EE0-AD8E-4B4F-8F7F-C9D6FBA8D604}.Release|Any CPU.Build.0 = Release|Any CPU
		{BF382EE0-AD8E-4B4F-8F7F-C9D6FBA8D604}.Release|ARM.ActiveCfg = Release|Any CPU
		{BF382EE0-AD8E-4B4F-8F7F-C9D6FBA8D604}.Release|ARM.Build.0 = Release|Any CPU
		{BF382EE0-AD8E-4B4F-8F7F-C9D6FBA8D604}.Release|iPhone.ActiveCfg = Release|Any CPU
		{BF382EE0-AD8E-4B4F-8F7F-C9D6FBA8D604}.Release|iPhone.Build.0 = Release|Any CPU
		{BF382EE0-AD8E-4B4F-8F7F-C9D6FBA8D604}.Release|iPhoneSimulator.ActiveCfg = Release|Any CPU
		{BF382EE0-AD8E-4B4F-8F7F-C9D6FBA8D604}.Release|iPhoneSimulator.Build.0 = Release|Any CPU
		{BF382EE0-AD8E-4B4F-8F7F-C9D6FBA8D604}.Release|x64.ActiveCfg = Release|Any CPU
		{BF382EE0-AD8E-4B4F-8F7F-C9D6FBA8D604}.Release|x64.Build.0 = Release|Any CPU
		{BF382EE0-AD8E-4B4F-8F7F-C9D6FBA8D604}.Release|x86.ActiveCfg = Release|Any CPU
		{BF382EE0-AD8E-4B4F-8F7F-C9D6FBA8D604}.Release|x86.Build.0 = Release|Any CPU
		{5C5CA4EA-41B4-42E5-BC9F-1C961EDB65E2}.Debug|Any CPU.ActiveCfg = Debug|Any CPU
		{5C5CA4EA-41B4-42E5-BC9F-1C961EDB65E2}.Debug|Any CPU.Build.0 = Debug|Any CPU
		{5C5CA4EA-41B4-42E5-BC9F-1C961EDB65E2}.Debug|ARM.ActiveCfg = Debug|Any CPU
		{5C5CA4EA-41B4-42E5-BC9F-1C961EDB65E2}.Debug|ARM.Build.0 = Debug|Any CPU
		{5C5CA4EA-41B4-42E5-BC9F-1C961EDB65E2}.Debug|iPhone.ActiveCfg = Debug|Any CPU
		{5C5CA4EA-41B4-42E5-BC9F-1C961EDB65E2}.Debug|iPhone.Build.0 = Debug|Any CPU
		{5C5CA4EA-41B4-42E5-BC9F-1C961EDB65E2}.Debug|iPhoneSimulator.ActiveCfg = Debug|Any CPU
		{5C5CA4EA-41B4-42E5-BC9F-1C961EDB65E2}.Debug|iPhoneSimulator.Build.0 = Debug|Any CPU
		{5C5CA4EA-41B4-42E5-BC9F-1C961EDB65E2}.Debug|x64.ActiveCfg = Debug|Any CPU
		{5C5CA4EA-41B4-42E5-BC9F-1C961EDB65E2}.Debug|x64.Build.0 = Debug|Any CPU
		{5C5CA4EA-41B4-42E5-BC9F-1C961EDB65E2}.Debug|x86.ActiveCfg = Debug|Any CPU
		{5C5CA4EA-41B4-42E5-BC9F-1C961EDB65E2}.Debug|x86.Build.0 = Debug|Any CPU
		{5C5CA4EA-41B4-42E5-BC9F-1C961EDB65E2}.Release|Any CPU.ActiveCfg = Release|Any CPU
		{5C5CA4EA-41B4-42E5-BC9F-1C961EDB65E2}.Release|Any CPU.Build.0 = Release|Any CPU
		{5C5CA4EA-41B4-42E5-BC9F-1C961EDB65E2}.Release|ARM.ActiveCfg = Release|Any CPU
		{5C5CA4EA-41B4-42E5-BC9F-1C961EDB65E2}.Release|ARM.Build.0 = Release|Any CPU
		{5C5CA4EA-41B4-42E5-BC9F-1C961EDB65E2}.Release|iPhone.ActiveCfg = Release|Any CPU
		{5C5CA4EA-41B4-42E5-BC9F-1C961EDB65E2}.Release|iPhone.Build.0 = Release|Any CPU
		{5C5CA4EA-41B4-42E5-BC9F-1C961EDB65E2}.Release|iPhoneSimulator.ActiveCfg = Release|Any CPU
		{5C5CA4EA-41B4-42E5-BC9F-1C961EDB65E2}.Release|iPhoneSimulator.Build.0 = Release|Any CPU
		{5C5CA4EA-41B4-42E5-BC9F-1C961EDB65E2}.Release|x64.ActiveCfg = Release|Any CPU
		{5C5CA4EA-41B4-42E5-BC9F-1C961EDB65E2}.Release|x64.Build.0 = Release|Any CPU
		{5C5CA4EA-41B4-42E5-BC9F-1C961EDB65E2}.Release|x86.ActiveCfg = Release|Any CPU
		{5C5CA4EA-41B4-42E5-BC9F-1C961EDB65E2}.Release|x86.Build.0 = Release|Any CPU
		{848AEF29-D33B-4283-9311-96CC9ADE2C1B}.Debug|Any CPU.ActiveCfg = Debug|Any CPU
		{848AEF29-D33B-4283-9311-96CC9ADE2C1B}.Debug|Any CPU.Build.0 = Debug|Any CPU
		{848AEF29-D33B-4283-9311-96CC9ADE2C1B}.Debug|Any CPU.Deploy.0 = Debug|Any CPU
		{848AEF29-D33B-4283-9311-96CC9ADE2C1B}.Debug|ARM.ActiveCfg = Debug|Any CPU
		{848AEF29-D33B-4283-9311-96CC9ADE2C1B}.Debug|ARM.Build.0 = Debug|Any CPU
		{848AEF29-D33B-4283-9311-96CC9ADE2C1B}.Debug|ARM.Deploy.0 = Debug|Any CPU
		{848AEF29-D33B-4283-9311-96CC9ADE2C1B}.Debug|iPhone.ActiveCfg = Debug|Any CPU
		{848AEF29-D33B-4283-9311-96CC9ADE2C1B}.Debug|iPhone.Build.0 = Debug|Any CPU
		{848AEF29-D33B-4283-9311-96CC9ADE2C1B}.Debug|iPhone.Deploy.0 = Debug|Any CPU
		{848AEF29-D33B-4283-9311-96CC9ADE2C1B}.Debug|iPhoneSimulator.ActiveCfg = Debug|Any CPU
		{848AEF29-D33B-4283-9311-96CC9ADE2C1B}.Debug|iPhoneSimulator.Deploy.0 = Debug|Any CPU
		{848AEF29-D33B-4283-9311-96CC9ADE2C1B}.Debug|x64.ActiveCfg = Debug|Any CPU
		{848AEF29-D33B-4283-9311-96CC9ADE2C1B}.Debug|x64.Build.0 = Debug|Any CPU
		{848AEF29-D33B-4283-9311-96CC9ADE2C1B}.Debug|x64.Deploy.0 = Debug|Any CPU
		{848AEF29-D33B-4283-9311-96CC9ADE2C1B}.Debug|x86.ActiveCfg = Debug|Any CPU
		{848AEF29-D33B-4283-9311-96CC9ADE2C1B}.Debug|x86.Build.0 = Debug|Any CPU
		{848AEF29-D33B-4283-9311-96CC9ADE2C1B}.Debug|x86.Deploy.0 = Debug|Any CPU
		{848AEF29-D33B-4283-9311-96CC9ADE2C1B}.Release|Any CPU.ActiveCfg = Release|Any CPU
		{848AEF29-D33B-4283-9311-96CC9ADE2C1B}.Release|Any CPU.Build.0 = Release|Any CPU
		{848AEF29-D33B-4283-9311-96CC9ADE2C1B}.Release|Any CPU.Deploy.0 = Release|Any CPU
		{848AEF29-D33B-4283-9311-96CC9ADE2C1B}.Release|ARM.ActiveCfg = Release|Any CPU
		{848AEF29-D33B-4283-9311-96CC9ADE2C1B}.Release|ARM.Build.0 = Release|Any CPU
		{848AEF29-D33B-4283-9311-96CC9ADE2C1B}.Release|ARM.Deploy.0 = Release|Any CPU
		{848AEF29-D33B-4283-9311-96CC9ADE2C1B}.Release|iPhone.ActiveCfg = Release|Any CPU
		{848AEF29-D33B-4283-9311-96CC9ADE2C1B}.Release|iPhone.Build.0 = Release|Any CPU
		{848AEF29-D33B-4283-9311-96CC9ADE2C1B}.Release|iPhone.Deploy.0 = Release|Any CPU
		{848AEF29-D33B-4283-9311-96CC9ADE2C1B}.Release|iPhoneSimulator.ActiveCfg = Release|Any CPU
		{848AEF29-D33B-4283-9311-96CC9ADE2C1B}.Release|iPhoneSimulator.Build.0 = Release|Any CPU
		{848AEF29-D33B-4283-9311-96CC9ADE2C1B}.Release|iPhoneSimulator.Deploy.0 = Release|Any CPU
		{848AEF29-D33B-4283-9311-96CC9ADE2C1B}.Release|x64.ActiveCfg = Release|Any CPU
		{848AEF29-D33B-4283-9311-96CC9ADE2C1B}.Release|x64.Build.0 = Release|Any CPU
		{848AEF29-D33B-4283-9311-96CC9ADE2C1B}.Release|x64.Deploy.0 = Release|Any CPU
		{848AEF29-D33B-4283-9311-96CC9ADE2C1B}.Release|x86.ActiveCfg = Release|Any CPU
		{848AEF29-D33B-4283-9311-96CC9ADE2C1B}.Release|x86.Build.0 = Release|Any CPU
		{848AEF29-D33B-4283-9311-96CC9ADE2C1B}.Release|x86.Deploy.0 = Release|Any CPU
		{9C5D66FF-647E-48BD-A55B-27CCE51571DF}.Debug|Any CPU.ActiveCfg = Debug|iPhone
		{9C5D66FF-647E-48BD-A55B-27CCE51571DF}.Debug|Any CPU.Build.0 = Debug|iPhone
		{9C5D66FF-647E-48BD-A55B-27CCE51571DF}.Debug|ARM.ActiveCfg = Debug|iPhone
		{9C5D66FF-647E-48BD-A55B-27CCE51571DF}.Debug|iPhone.ActiveCfg = Debug|iPhone
		{9C5D66FF-647E-48BD-A55B-27CCE51571DF}.Debug|iPhone.Build.0 = Debug|iPhone
		{9C5D66FF-647E-48BD-A55B-27CCE51571DF}.Debug|iPhoneSimulator.ActiveCfg = Debug|iPhoneSimulator
		{9C5D66FF-647E-48BD-A55B-27CCE51571DF}.Debug|iPhoneSimulator.Build.0 = Debug|iPhoneSimulator
		{9C5D66FF-647E-48BD-A55B-27CCE51571DF}.Debug|x64.ActiveCfg = Debug|iPhone
		{9C5D66FF-647E-48BD-A55B-27CCE51571DF}.Debug|x86.ActiveCfg = Debug|iPhone
		{9C5D66FF-647E-48BD-A55B-27CCE51571DF}.Release|Any CPU.ActiveCfg = Release|iPhone
		{9C5D66FF-647E-48BD-A55B-27CCE51571DF}.Release|ARM.ActiveCfg = Release|iPhone
		{9C5D66FF-647E-48BD-A55B-27CCE51571DF}.Release|iPhone.ActiveCfg = Release|iPhone
		{9C5D66FF-647E-48BD-A55B-27CCE51571DF}.Release|iPhone.Build.0 = Release|iPhone
		{9C5D66FF-647E-48BD-A55B-27CCE51571DF}.Release|iPhoneSimulator.ActiveCfg = Release|iPhoneSimulator
		{9C5D66FF-647E-48BD-A55B-27CCE51571DF}.Release|iPhoneSimulator.Build.0 = Release|iPhoneSimulator
		{9C5D66FF-647E-48BD-A55B-27CCE51571DF}.Release|x64.ActiveCfg = Release|iPhone
		{9C5D66FF-647E-48BD-A55B-27CCE51571DF}.Release|x86.ActiveCfg = Release|iPhone
		{C9ECA075-8154-412B-882F-816809D06F84}.Debug|Any CPU.ActiveCfg = Debug|x86
		{C9ECA075-8154-412B-882F-816809D06F84}.Debug|Any CPU.Build.0 = Debug|x86
		{C9ECA075-8154-412B-882F-816809D06F84}.Debug|ARM.ActiveCfg = Debug|ARM
		{C9ECA075-8154-412B-882F-816809D06F84}.Debug|ARM.Build.0 = Debug|ARM
		{C9ECA075-8154-412B-882F-816809D06F84}.Debug|ARM.Deploy.0 = Debug|ARM
		{C9ECA075-8154-412B-882F-816809D06F84}.Debug|iPhone.ActiveCfg = Debug|x86
		{C9ECA075-8154-412B-882F-816809D06F84}.Debug|iPhoneSimulator.ActiveCfg = Debug|x86
		{C9ECA075-8154-412B-882F-816809D06F84}.Debug|x64.ActiveCfg = Debug|x64
		{C9ECA075-8154-412B-882F-816809D06F84}.Debug|x64.Build.0 = Debug|x64
		{C9ECA075-8154-412B-882F-816809D06F84}.Debug|x64.Deploy.0 = Debug|x64
		{C9ECA075-8154-412B-882F-816809D06F84}.Debug|x86.ActiveCfg = Debug|x86
		{C9ECA075-8154-412B-882F-816809D06F84}.Debug|x86.Build.0 = Debug|x86
		{C9ECA075-8154-412B-882F-816809D06F84}.Debug|x86.Deploy.0 = Debug|x86
		{C9ECA075-8154-412B-882F-816809D06F84}.Release|Any CPU.ActiveCfg = Release|x86
		{C9ECA075-8154-412B-882F-816809D06F84}.Release|ARM.ActiveCfg = Release|ARM
		{C9ECA075-8154-412B-882F-816809D06F84}.Release|ARM.Build.0 = Release|ARM
		{C9ECA075-8154-412B-882F-816809D06F84}.Release|ARM.Deploy.0 = Release|ARM
		{C9ECA075-8154-412B-882F-816809D06F84}.Release|iPhone.ActiveCfg = Release|x86
		{C9ECA075-8154-412B-882F-816809D06F84}.Release|iPhoneSimulator.ActiveCfg = Release|x86
		{C9ECA075-8154-412B-882F-816809D06F84}.Release|x64.ActiveCfg = Release|x64
		{C9ECA075-8154-412B-882F-816809D06F84}.Release|x64.Build.0 = Release|x64
		{C9ECA075-8154-412B-882F-816809D06F84}.Release|x64.Deploy.0 = Release|x64
		{C9ECA075-8154-412B-882F-816809D06F84}.Release|x86.ActiveCfg = Release|x86
		{C9ECA075-8154-412B-882F-816809D06F84}.Release|x86.Build.0 = Release|x86
		{C9ECA075-8154-412B-882F-816809D06F84}.Release|x86.Deploy.0 = Release|x86
		{FC8A5921-2E47-44E1-B24C-8400CB7A4367}.Debug|Any CPU.ActiveCfg = Debug|Any CPU
		{FC8A5921-2E47-44E1-B24C-8400CB7A4367}.Debug|Any CPU.Build.0 = Debug|Any CPU
		{FC8A5921-2E47-44E1-B24C-8400CB7A4367}.Debug|ARM.ActiveCfg = Debug|Any CPU
		{FC8A5921-2E47-44E1-B24C-8400CB7A4367}.Debug|ARM.Build.0 = Debug|Any CPU
		{FC8A5921-2E47-44E1-B24C-8400CB7A4367}.Debug|iPhone.ActiveCfg = Debug|Any CPU
		{FC8A5921-2E47-44E1-B24C-8400CB7A4367}.Debug|iPhone.Build.0 = Debug|Any CPU
		{FC8A5921-2E47-44E1-B24C-8400CB7A4367}.Debug|iPhoneSimulator.ActiveCfg = Debug|Any CPU
		{FC8A5921-2E47-44E1-B24C-8400CB7A4367}.Debug|iPhoneSimulator.Build.0 = Debug|Any CPU
		{FC8A5921-2E47-44E1-B24C-8400CB7A4367}.Debug|x64.ActiveCfg = Debug|Any CPU
		{FC8A5921-2E47-44E1-B24C-8400CB7A4367}.Debug|x64.Build.0 = Debug|Any CPU
		{FC8A5921-2E47-44E1-B24C-8400CB7A4367}.Debug|x86.ActiveCfg = Debug|Any CPU
		{FC8A5921-2E47-44E1-B24C-8400CB7A4367}.Debug|x86.Build.0 = Debug|Any CPU
		{FC8A5921-2E47-44E1-B24C-8400CB7A4367}.Release|Any CPU.ActiveCfg = Release|Any CPU
		{FC8A5921-2E47-44E1-B24C-8400CB7A4367}.Release|Any CPU.Build.0 = Release|Any CPU
		{FC8A5921-2E47-44E1-B24C-8400CB7A4367}.Release|ARM.ActiveCfg = Release|Any CPU
		{FC8A5921-2E47-44E1-B24C-8400CB7A4367}.Release|ARM.Build.0 = Release|Any CPU
		{FC8A5921-2E47-44E1-B24C-8400CB7A4367}.Release|iPhone.ActiveCfg = Release|Any CPU
		{FC8A5921-2E47-44E1-B24C-8400CB7A4367}.Release|iPhone.Build.0 = Release|Any CPU
		{FC8A5921-2E47-44E1-B24C-8400CB7A4367}.Release|iPhoneSimulator.ActiveCfg = Release|Any CPU
		{FC8A5921-2E47-44E1-B24C-8400CB7A4367}.Release|iPhoneSimulator.Build.0 = Release|Any CPU
		{FC8A5921-2E47-44E1-B24C-8400CB7A4367}.Release|x64.ActiveCfg = Release|Any CPU
		{FC8A5921-2E47-44E1-B24C-8400CB7A4367}.Release|x64.Build.0 = Release|Any CPU
		{FC8A5921-2E47-44E1-B24C-8400CB7A4367}.Release|x86.ActiveCfg = Release|Any CPU
		{FC8A5921-2E47-44E1-B24C-8400CB7A4367}.Release|x86.Build.0 = Release|Any CPU
	EndGlobalSection
	GlobalSection(SolutionProperties) = preSolution
		HideSolutionNode = FALSE
	EndGlobalSection
	GlobalSection(NestedProjects) = preSolution
		{67F9D3A8-F71E-4428-913F-C37AE82CDB24} = {41E79015-242A-40BC-9490-69396C783326}
		{7EE4A566-B3D4-408C-815D-AE4F8DEE1688} = {50C12FA1-DED3-451C-8A77-205BC96AC518}
		{EF3CCF61-158B-4FA2-89DC-2B27CE2602E8} = {25D47373-88F4-4C80-87EF-BB131A7DF5F7}
		{BF382EE0-AD8E-4B4F-8F7F-C9D6FBA8D604} = {9E6F5E77-6D30-4AFE-96A4-2B307594760E}
		{5C5CA4EA-41B4-42E5-BC9F-1C961EDB65E2} = {9E6F5E77-6D30-4AFE-96A4-2B307594760E}
		{9FBE221B-A2CE-4842-9C5E-5819801FC6B6} = {B3B831E4-61E3-4141-9A36-D2AC6446BA5F}
		{848AEF29-D33B-4283-9311-96CC9ADE2C1B} = {B3B831E4-61E3-4141-9A36-D2AC6446BA5F}
		{9C5D66FF-647E-48BD-A55B-27CCE51571DF} = {B3B831E4-61E3-4141-9A36-D2AC6446BA5F}
		{C9ECA075-8154-412B-882F-816809D06F84} = {B3B831E4-61E3-4141-9A36-D2AC6446BA5F}
		{FC8A5921-2E47-44E1-B24C-8400CB7A4367} = {E948102E-FF2C-48B6-9664-4C336BBFF46B}
	EndGlobalSection
	GlobalSection(ExtensibilityGlobals) = postSolution
		SolutionGuid = {9F196634-A50B-40E9-8A44-A8B926D1F462}
	EndGlobalSection
EndGlobal
